
Microsoft Visual Studio Solution File, Format Version 12.00
# Visual Studio Version 17
VisualStudioVersion = 17.11.35303.130
MinimumVisualStudioVersion = 10.0.40219.1
Project("{9A19103F-16F7-4668-BE54-9A1E7A4F7556}") = "StrategyPattern", "DesignPatterns\StrategyPattern.csproj", "{95684A8D-E7C2-48A6-8D76-F9D3F357C6C5}"
EndProject
Project("{FAE04EC0-301F-11D3-BF4B-00C04F79EFBC}") = "FactoryPattern", "FactoryPattern\FactoryPattern.csproj", "{96F727E0-9E95-4BC8-B7E4-B9D58552C107}"
EndProject
Project("{FAE04EC0-301F-11D3-BF4B-00C04F79EFBC}") = "ObserverPattern", "ObserverPattern\ObserverPattern.csproj", "{F47BE924-05AA-4889-820F-21B1599A07FC}"
EndProject
Project("{FAE04EC0-301F-11D3-BF4B-00C04F79EFBC}") = "BridgePattern", "BridgePattern\BridgePattern.csproj", "{B36F9965-C09C-4C48-953B-0A4844622915}"
EndProject
Project("{FAE04EC0-301F-11D3-BF4B-00C04F79EFBC}") = "CompositePattern", "CompositePattern\CompositePattern.csproj", "{5066544D-D256-4FAC-8342-13149FBE6998}"
EndProject
Project("{FAE04EC0-301F-11D3-BF4B-00C04F79EFBC}") = "Mediator", "Mediator\Mediator.csproj", "{8D3C867A-78D2-49D0-B1CE-D9DE5AD1CDDD}"
EndProject
Project("{FAE04EC0-301F-11D3-BF4B-00C04F79EFBC}") = "Observer", "Observer\Observer.csproj", "{F0972DCA-0632-46D7-9B2D-9A045EE41080}"
EndProject
Project("{FAE04EC0-301F-11D3-BF4B-00C04F79EFBC}") = "CommandPattern", "CommandPattern\CommandPattern.csproj", "{088F690B-6EB1-45A4-82C5-024DA275C52B}"
EndProject
Project("{FAE04EC0-301F-11D3-BF4B-00C04F79EFBC}") = "DuckStrategy", "DuckStrategy\DuckStrategy.csproj", "{0978D3E5-830D-4D8E-A9BC-5DDA8D3BC3C2}"
EndProject
Project("{FAE04EC0-301F-11D3-BF4B-00C04F79EFBC}") = "AbstractFactory", "AbstractFactory\AbstractFactory.csproj", "{882B745F-6870-4F09-B3E6-15461BAB227C}"
EndProject
Project("{FAE04EC0-301F-11D3-BF4B-00C04F79EFBC}") = "NewBridge", "NewBridge\NewBridge.csproj", "{49E1314B-9359-4456-9ABB-0B56161B2DDC}"
EndProject
Global
	GlobalSection(SolutionConfigurationPlatforms) = preSolution
		Debug|Any CPU = Debug|Any CPU
		Release|Any CPU = Release|Any CPU
	EndGlobalSection
	GlobalSection(ProjectConfigurationPlatforms) = postSolution
		{95684A8D-E7C2-48A6-8D76-F9D3F357C6C5}.Debug|Any CPU.ActiveCfg = Debug|Any CPU
		{95684A8D-E7C2-48A6-8D76-F9D3F357C6C5}.Debug|Any CPU.Build.0 = Debug|Any CPU
		{95684A8D-E7C2-48A6-8D76-F9D3F357C6C5}.Release|Any CPU.ActiveCfg = Release|Any CPU
		{95684A8D-E7C2-48A6-8D76-F9D3F357C6C5}.Release|Any CPU.Build.0 = Release|Any CPU
		{96F727E0-9E95-4BC8-B7E4-B9D58552C107}.Debug|Any CPU.ActiveCfg = Debug|Any CPU
		{96F727E0-9E95-4BC8-B7E4-B9D58552C107}.Debug|Any CPU.Build.0 = Debug|Any CPU
		{96F727E0-9E95-4BC8-B7E4-B9D58552C107}.Release|Any CPU.ActiveCfg = Release|Any CPU
		{96F727E0-9E95-4BC8-B7E4-B9D58552C107}.Release|Any CPU.Build.0 = Release|Any CPU
		{F47BE924-05AA-4889-820F-21B1599A07FC}.Debug|Any CPU.ActiveCfg = Debug|Any CPU
		{F47BE924-05AA-4889-820F-21B1599A07FC}.Debug|Any CPU.Build.0 = Debug|Any CPU
		{F47BE924-05AA-4889-820F-21B1599A07FC}.Release|Any CPU.ActiveCfg = Release|Any CPU
		{F47BE924-05AA-4889-820F-21B1599A07FC}.Release|Any CPU.Build.0 = Release|Any CPU
		{B36F9965-C09C-4C48-953B-0A4844622915}.Debug|Any CPU.ActiveCfg = Debug|Any CPU
		{B36F9965-C09C-4C48-953B-0A4844622915}.Debug|Any CPU.Build.0 = Debug|Any CPU
		{B36F9965-C09C-4C48-953B-0A4844622915}.Release|Any CPU.ActiveCfg = Release|Any CPU
		{B36F9965-C09C-4C48-953B-0A4844622915}.Release|Any CPU.Build.0 = Release|Any CPU
		{5066544D-D256-4FAC-8342-13149FBE6998}.Debug|Any CPU.ActiveCfg = Debug|Any CPU
		{5066544D-D256-4FAC-8342-13149FBE6998}.Debug|Any CPU.Build.0 = Debug|Any CPU
		{5066544D-D256-4FAC-8342-13149FBE6998}.Release|Any CPU.ActiveCfg = Release|Any CPU
		{5066544D-D256-4FAC-8342-13149FBE6998}.Release|Any CPU.Build.0 = Release|Any CPU
		{8D3C867A-78D2-49D0-B1CE-D9DE5AD1CDDD}.Debug|Any CPU.ActiveCfg = Debug|Any CPU
		{8D3C867A-78D2-49D0-B1CE-D9DE5AD1CDDD}.Debug|Any CPU.Build.0 = Debug|Any CPU
		{8D3C867A-78D2-49D0-B1CE-D9DE5AD1CDDD}.Release|Any CPU.ActiveCfg = Release|Any CPU
		{8D3C867A-78D2-49D0-B1CE-D9DE5AD1CDDD}.Release|Any CPU.Build.0 = Release|Any CPU
		{F0972DCA-0632-46D7-9B2D-9A045EE41080}.Debug|Any CPU.ActiveCfg = Debug|Any CPU
		{F0972DCA-0632-46D7-9B2D-9A045EE41080}.Debug|Any CPU.Build.0 = Debug|Any CPU
		{F0972DCA-0632-46D7-9B2D-9A045EE41080}.Release|Any CPU.ActiveCfg = Release|Any CPU
		{F0972DCA-0632-46D7-9B2D-9A045EE41080}.Release|Any CPU.Build.0 = Release|Any CPU
		{088F690B-6EB1-45A4-82C5-024DA275C52B}.Debug|Any CPU.ActiveCfg = Debug|Any CPU
		{088F690B-6EB1-45A4-82C5-024DA275C52B}.Debug|Any CPU.Build.0 = Debug|Any CPU
		{088F690B-6EB1-45A4-82C5-024DA275C52B}.Release|Any CPU.ActiveCfg = Release|Any CPU
		{088F690B-6EB1-45A4-82C5-024DA275C52B}.Release|Any CPU.Build.0 = Release|Any CPU
		{0978D3E5-830D-4D8E-A9BC-5DDA8D3BC3C2}.Debug|Any CPU.ActiveCfg = Debug|Any CPU
		{0978D3E5-830D-4D8E-A9BC-5DDA8D3BC3C2}.Debug|Any CPU.Build.0 = Debug|Any CPU
		{0978D3E5-830D-4D8E-A9BC-5DDA8D3BC3C2}.Release|Any CPU.ActiveCfg = Release|Any CPU
		{0978D3E5-830D-4D8E-A9BC-5DDA8D3BC3C2}.Release|Any CPU.Build.0 = Release|Any CPU
		{882B745F-6870-4F09-B3E6-15461BAB227C}.Debug|Any CPU.ActiveCfg = Debug|Any CPU
		{882B745F-6870-4F09-B3E6-15461BAB227C}.Debug|Any CPU.Build.0 = Debug|Any CPU
		{882B745F-6870-4F09-B3E6-15461BAB227C}.Release|Any CPU.ActiveCfg = Release|Any CPU
		{882B745F-6870-4F09-B3E6-15461BAB227C}.Release|Any CPU.Build.0 = Release|Any CPU
		{49E1314B-9359-4456-9ABB-0B56161B2DDC}.Debug|Any CPU.ActiveCfg = Debug|Any CPU
		{49E1314B-9359-4456-9ABB-0B56161B2DDC}.Debug|Any CPU.Build.0 = Debug|Any CPU
		{49E1314B-9359-4456-9ABB-0B56161B2DDC}.Release|Any CPU.ActiveCfg = Release|Any CPU
		{49E1314B-9359-4456-9ABB-0B56161B2DDC}.Release|Any CPU.Build.0 = Release|Any CPU
	EndGlobalSection
	GlobalSection(SolutionProperties) = preSolution
		HideSolutionNode = FALSE
	EndGlobalSection
	GlobalSection(ExtensibilityGlobals) = postSolution
		SolutionGuid = {E8535D0A-A802-4ED3-966D-5A1250C7EADD}
	EndGlobalSection
EndGlobal
